{
  "requires": true,
  "lockfileVersion": 1,
  "dependencies": {
    "framework7-svelte": {
      "version": "6.0.14",
      "resolved": "https://registry.npmjs.org/framework7-svelte/-/framework7-svelte-6.0.14.tgz",
      "integrity": "sha512-obeDoobQWpLBT6aQYUhtC37VCwmVgYCvtHNokjWochYIYRon9NmoFKt2dvNHW8boEMPUwJH6bpmBofyvY2folg=="
    },
    "fuse.js": {
      "version": "6.4.6",
      "resolved": "https://registry.npmjs.org/fuse.js/-/fuse.js-6.4.6.tgz",
      "integrity": "sha512-/gYxR/0VpXmWSfZOIPS3rWwU8SHgsRTwWuXhyb2O6s7aRuVtHtxCkR33bNYu3wyLyNx/Wpv0vU7FZy8Vj53VNw=="
    }
  }
}
